{
  "sources": {
    "git": {
      "locked_version": "2.9.0"
    },
    "ruby_build": {
      "locked_version": "0.8.0"
    },
    "rbenv": {
      "locked_version": "0.7.3",
      "git": "git://github.com/fnichol/chef-rbenv.git",
      "ref": "9afb4e5da2e6212504a12de3bbbd410cd96100f6"
    },
    "postgresql": {
      "locked_version": "0.13.1",
      "git": "git://github.com/phlipper/chef-postgresql.git",
      "ref": "89670ad805393f6b4bb495c32a03115a66f6fe61"
    },
    "dmg": {
      "locked_version": "2.1.4"
    },
    "build-essential": {
      "locked_version": "1.4.2"
    },
    "windows": {
      "locked_version": "1.12.8"
    },
    "chef_handler": {
      "locked_version": "1.1.4"
    },
    "runit": {
      "locked_version": "1.5.8"
    },
    "yum": {
      "locked_version": "3.0.6"
    },
    "yum-epel": {
      "locked_version": "0.2.0"
    },
    "java": {
      "locked_version": "1.19.2"
    },
    "apt": {
      "locked_version": "2.3.4"
    }
  }
}
